
Microsoft Visual Studio Solution File, Format Version 12.00
# Visual Studio 2013
VisualStudioVersion = 12.0.31101.0
MinimumVisualStudioVersion = 10.0.40219.1
Project("{FAE04EC0-301F-11D3-BF4B-00C04F79EFBC}") = "01 LegoBlocks", "LegoBlocks\01 LegoBlocks.csproj", "{6787953F-DCDA-4174-954A-1F07F9228F49}"
EndProject
Project("{2150E333-8FDC-42A3-9474-1A3956D46DE8}") = "Arrays, Lists, Stacks, Queues", "Arrays, Lists, Stacks, Queues", "{CE9FB0F9-5815-47D9-A42E-8731DBD93C52}"
EndProject
Project("{FAE04EC0-301F-11D3-BF4B-00C04F79EFBC}") = "02 StuckNumbers", "StuckNumbers\02 StuckNumbers.csproj", "{7C4C1E27-F153-4501-9BD6-E794AEFA34A0}"
EndProject
Project("{FAE04EC0-301F-11D3-BF4B-00C04F79EFBC}") = "03 PythagoreanNumbers", "PythagoreanNumbers\03 PythagoreanNumbers.csproj", "{4BF759A0-AD61-4D0B-A8B2-DD4C0854A514}"
EndProject
Project("{2150E333-8FDC-42A3-9474-1A3956D46DE8}") = "MultidimensionalArraysSetsDictionaries", "MultidimensionalArraysSetsDictionaries", "{311EA63F-255D-4DFB-B614-B221706B426A}"
EndProject
Project("{FAE04EC0-301F-11D3-BF4B-00C04F79EFBC}") = "TerroristWin", "TerroristWin\TerroristWin.csproj", "{2860841D-4583-4D6E-8961-611234304A6C}"
EndProject
Project("{2150E333-8FDC-42A3-9474-1A3956D46DE8}") = "31 May Exam", "31 May Exam", "{80DD0AA4-F145-4243-A7AD-F5BDAD3DCB59}"
EndProject
Project("{FAE04EC0-301F-11D3-BF4B-00C04F79EFBC}") = "04 OlympicsAreComing", "OlympicsAreComing\04 OlympicsAreComing.csproj", "{071FA23F-0ADF-48A7-B31E-29F8AE3D3E7E}"
EndProject
Project("{FAE04EC0-301F-11D3-BF4B-00C04F79EFBC}") = "03 TextTransformer", "TextTransformer\03 TextTransformer.csproj", "{0A6BF9B0-7C96-4187-AA78-28A8B5BA3265}"
EndProject
Project("{FAE04EC0-301F-11D3-BF4B-00C04F79EFBC}") = "TargetPractice", "TargetPractice\TargetPractice.csproj", "{7196F129-F965-48AB-9044-E51E1D03A84E}"
EndProject
Project("{2150E333-8FDC-42A3-9474-1A3956D46DE8}") = "MyExam", "MyExam", "{5155C35D-D1C5-48D1-9A9E-CBDC6701A861}"
EndProject
Project("{FAE04EC0-301F-11D3-BF4B-00C04F79EFBC}") = "01 ArrayManipulator", "ArrayManipulator\01 ArrayManipulator.csproj", "{52A2494E-8B48-4E9D-BD23-B9BA22B4F1E8}"
EndProject
Project("{FAE04EC0-301F-11D3-BF4B-00C04F79EFBC}") = "02 RadioactiveBunkers", "RadioactiveBunkers\02 RadioactiveBunkers.csproj", "{F3F9E826-1AEE-46C9-9442-A5BD988064CA}"
EndProject
Project("{FAE04EC0-301F-11D3-BF4B-00C04F79EFBC}") = "03 ShmoogleCounter", "ShmoogleCounter\03 ShmoogleCounter.csproj", "{6CA28BBA-77A0-4E93-AD67-F600203DD8ED}"
EndProject
Project("{FAE04EC0-301F-11D3-BF4B-00C04F79EFBC}") = "04 SrabskoUnleashed", "SrabskoUnleashed\04 SrabskoUnleashed.csproj", "{6BF42B81-BB7E-45DF-B88C-5A758733399D}"
EndProject
Global
	GlobalSection(SolutionConfigurationPlatforms) = preSolution
		Debug|Any CPU = Debug|Any CPU
		Release|Any CPU = Release|Any CPU
	EndGlobalSection
	GlobalSection(ProjectConfigurationPlatforms) = postSolution
		{6787953F-DCDA-4174-954A-1F07F9228F49}.Debug|Any CPU.ActiveCfg = Debug|Any CPU
		{6787953F-DCDA-4174-954A-1F07F9228F49}.Debug|Any CPU.Build.0 = Debug|Any CPU
		{6787953F-DCDA-4174-954A-1F07F9228F49}.Release|Any CPU.ActiveCfg = Release|Any CPU
		{6787953F-DCDA-4174-954A-1F07F9228F49}.Release|Any CPU.Build.0 = Release|Any CPU
		{7C4C1E27-F153-4501-9BD6-E794AEFA34A0}.Debug|Any CPU.ActiveCfg = Debug|Any CPU
		{7C4C1E27-F153-4501-9BD6-E794AEFA34A0}.Debug|Any CPU.Build.0 = Debug|Any CPU
		{7C4C1E27-F153-4501-9BD6-E794AEFA34A0}.Release|Any CPU.ActiveCfg = Release|Any CPU
		{7C4C1E27-F153-4501-9BD6-E794AEFA34A0}.Release|Any CPU.Build.0 = Release|Any CPU
		{4BF759A0-AD61-4D0B-A8B2-DD4C0854A514}.Debug|Any CPU.ActiveCfg = Debug|Any CPU
		{4BF759A0-AD61-4D0B-A8B2-DD4C0854A514}.Debug|Any CPU.Build.0 = Debug|Any CPU
		{4BF759A0-AD61-4D0B-A8B2-DD4C0854A514}.Release|Any CPU.ActiveCfg = Release|Any CPU
		{4BF759A0-AD61-4D0B-A8B2-DD4C0854A514}.Release|Any CPU.Build.0 = Release|Any CPU
		{2860841D-4583-4D6E-8961-611234304A6C}.Debug|Any CPU.ActiveCfg = Debug|Any CPU
		{2860841D-4583-4D6E-8961-611234304A6C}.Debug|Any CPU.Build.0 = Debug|Any CPU
		{2860841D-4583-4D6E-8961-611234304A6C}.Release|Any CPU.ActiveCfg = Release|Any CPU
		{2860841D-4583-4D6E-8961-611234304A6C}.Release|Any CPU.Build.0 = Release|Any CPU
		{071FA23F-0ADF-48A7-B31E-29F8AE3D3E7E}.Debug|Any CPU.ActiveCfg = Debug|Any CPU
		{071FA23F-0ADF-48A7-B31E-29F8AE3D3E7E}.Debug|Any CPU.Build.0 = Debug|Any CPU
		{071FA23F-0ADF-48A7-B31E-29F8AE3D3E7E}.Release|Any CPU.ActiveCfg = Release|Any CPU
		{071FA23F-0ADF-48A7-B31E-29F8AE3D3E7E}.Release|Any CPU.Build.0 = Release|Any CPU
		{0A6BF9B0-7C96-4187-AA78-28A8B5BA3265}.Debug|Any CPU.ActiveCfg = Debug|Any CPU
		{0A6BF9B0-7C96-4187-AA78-28A8B5BA3265}.Debug|Any CPU.Build.0 = Debug|Any CPU
		{0A6BF9B0-7C96-4187-AA78-28A8B5BA3265}.Release|Any CPU.ActiveCfg = Release|Any CPU
		{0A6BF9B0-7C96-4187-AA78-28A8B5BA3265}.Release|Any CPU.Build.0 = Release|Any CPU
		{7196F129-F965-48AB-9044-E51E1D03A84E}.Debug|Any CPU.ActiveCfg = Debug|Any CPU
		{7196F129-F965-48AB-9044-E51E1D03A84E}.Debug|Any CPU.Build.0 = Debug|Any CPU
		{7196F129-F965-48AB-9044-E51E1D03A84E}.Release|Any CPU.ActiveCfg = Release|Any CPU
		{7196F129-F965-48AB-9044-E51E1D03A84E}.Release|Any CPU.Build.0 = Release|Any CPU
		{52A2494E-8B48-4E9D-BD23-B9BA22B4F1E8}.Debug|Any CPU.ActiveCfg = Debug|Any CPU
		{52A2494E-8B48-4E9D-BD23-B9BA22B4F1E8}.Debug|Any CPU.Build.0 = Debug|Any CPU
		{52A2494E-8B48-4E9D-BD23-B9BA22B4F1E8}.Release|Any CPU.ActiveCfg = Release|Any CPU
		{52A2494E-8B48-4E9D-BD23-B9BA22B4F1E8}.Release|Any CPU.Build.0 = Release|Any CPU
		{F3F9E826-1AEE-46C9-9442-A5BD988064CA}.Debug|Any CPU.ActiveCfg = Debug|Any CPU
		{F3F9E826-1AEE-46C9-9442-A5BD988064CA}.Debug|Any CPU.Build.0 = Debug|Any CPU
		{F3F9E826-1AEE-46C9-9442-A5BD988064CA}.Release|Any CPU.ActiveCfg = Release|Any CPU
		{F3F9E826-1AEE-46C9-9442-A5BD988064CA}.Release|Any CPU.Build.0 = Release|Any CPU
		{6CA28BBA-77A0-4E93-AD67-F600203DD8ED}.Debug|Any CPU.ActiveCfg = Debug|Any CPU
		{6CA28BBA-77A0-4E93-AD67-F600203DD8ED}.Debug|Any CPU.Build.0 = Debug|Any CPU
		{6CA28BBA-77A0-4E93-AD67-F600203DD8ED}.Release|Any CPU.ActiveCfg = Release|Any CPU
		{6CA28BBA-77A0-4E93-AD67-F600203DD8ED}.Release|Any CPU.Build.0 = Release|Any CPU
		{6BF42B81-BB7E-45DF-B88C-5A758733399D}.Debug|Any CPU.ActiveCfg = Debug|Any CPU
		{6BF42B81-BB7E-45DF-B88C-5A758733399D}.Debug|Any CPU.Build.0 = Debug|Any CPU
		{6BF42B81-BB7E-45DF-B88C-5A758733399D}.Release|Any CPU.ActiveCfg = Release|Any CPU
		{6BF42B81-BB7E-45DF-B88C-5A758733399D}.Release|Any CPU.Build.0 = Release|Any CPU
	EndGlobalSection
	GlobalSection(SolutionProperties) = preSolution
		HideSolutionNode = FALSE
	EndGlobalSection
	GlobalSection(NestedProjects) = preSolution
		{6787953F-DCDA-4174-954A-1F07F9228F49} = {CE9FB0F9-5815-47D9-A42E-8731DBD93C52}
		{7C4C1E27-F153-4501-9BD6-E794AEFA34A0} = {CE9FB0F9-5815-47D9-A42E-8731DBD93C52}
		{4BF759A0-AD61-4D0B-A8B2-DD4C0854A514} = {CE9FB0F9-5815-47D9-A42E-8731DBD93C52}
		{2860841D-4583-4D6E-8961-611234304A6C} = {311EA63F-255D-4DFB-B614-B221706B426A}
		{071FA23F-0ADF-48A7-B31E-29F8AE3D3E7E} = {80DD0AA4-F145-4243-A7AD-F5BDAD3DCB59}
		{0A6BF9B0-7C96-4187-AA78-28A8B5BA3265} = {80DD0AA4-F145-4243-A7AD-F5BDAD3DCB59}
		{7196F129-F965-48AB-9044-E51E1D03A84E} = {80DD0AA4-F145-4243-A7AD-F5BDAD3DCB59}
		{52A2494E-8B48-4E9D-BD23-B9BA22B4F1E8} = {5155C35D-D1C5-48D1-9A9E-CBDC6701A861}
		{F3F9E826-1AEE-46C9-9442-A5BD988064CA} = {5155C35D-D1C5-48D1-9A9E-CBDC6701A861}
		{6CA28BBA-77A0-4E93-AD67-F600203DD8ED} = {5155C35D-D1C5-48D1-9A9E-CBDC6701A861}
		{6BF42B81-BB7E-45DF-B88C-5A758733399D} = {5155C35D-D1C5-48D1-9A9E-CBDC6701A861}
	EndGlobalSection
EndGlobal
